
Microsoft Visual Studio Solution File, Format Version 12.00
# Visual Studio Version 16
VisualStudioVersion = 16.0.30225.117
MinimumVisualStudioVersion = 10.0.40219.1
Project("{FAE04EC0-301F-11D3-BF4B-00C04F79EFBC}") = "WebApp4A", "WebApp4A\WebApp4A.csproj", "{55303055-A880-4633-ABF6-7527A95D0CA3}"
EndProject
Global
	GlobalSection(SolutionConfigurationPlatforms) = preSolution
		Debug|Any CPU = Debug|Any CPU
		Release|Any CPU = Release|Any CPU
	EndGlobalSection
	GlobalSection(ProjectConfigurationPlatforms) = postSolution
		{55303055-A880-4633-ABF6-7527A95D0CA3}.Debug|Any CPU.ActiveCfg = Debug|Any CPU
		{55303055-A880-4633-ABF6-7527A95D0CA3}.Debug|Any CPU.Build.0 = Debug|Any CPU
		{55303055-A880-4633-ABF6-7527A95D0CA3}.Release|Any CPU.ActiveCfg = Release|Any CPU
		{55303055-A880-4633-ABF6-7527A95D0CA3}.Release|Any CPU.Build.0 = Release|Any CPU
	EndGlobalSection
	GlobalSection(SolutionProperties) = preSolution
		HideSolutionNode = FALSE
	EndGlobalSection
	GlobalSection(ExtensibilityGlobals) = postSolution
		SolutionGuid = {A65646BB-7CAB-4813-A769-17EC6BE31E7F}
	EndGlobalSection
EndGlobal
